# THIS IS AN AUTOGENERATED FILE. DO NOT EDIT THIS FILE DIRECTLY.
# yarn lockfile v1


"@types/node@^12.0.0":
  version "12.0.0"
  resolved "https://registry.yarnpkg.com/@types/node/-/node-12.0.0.tgz#d11813b9c0ff8aaca29f04cbc12817f4c7d656e5"
  integrity sha512-Jrb/x3HT4PTJp6a4avhmJCDEVrPdqLfl3e8GGMbpkGGdwAV5UGlIs4vVEfsHHfylZVOKZWpOqmqFH8CbfOZ6kg==

typescript@^3.8.2:
  version "3.8.2"
  resolved "https://registry.yarnpkg.com/typescript/-/typescript-3.8.2.tgz#91d6868aaead7da74f493c553aeff76c0c0b1d5a"
  integrity sha512-EgOVgL/4xfVrCMbhYKUQTdF37SQn4Iw73H5BgCrF1Abdun7Kwy/QZsE/ssAy0y4LxBbvua3PIbFsbRczWWnDdQ==
